
Microsoft Visual Studio Solution File, Format Version 12.00
# Visual Studio Version 16
VisualStudioVersion = 16.0.31005.135
MinimumVisualStudioVersion = 10.0.40219.1
Project("{FAE04EC0-301F-11D3-BF4B-00C04F79EFBC}") = "MudBlazor_CRUD", "MudBlazor_CRUD\MudBlazor_CRUD.csproj", "{8C2A98B2-902E-4A71-BD9C-96891E91D9BD}"
EndProject
Global
	GlobalSection(SolutionConfigurationPlatforms) = preSolution
		Debug|Any CPU = Debug|Any CPU
		Release|Any CPU = Release|Any CPU
	EndGlobalSection
	GlobalSection(ProjectConfigurationPlatforms) = postSolution
		{8C2A98B2-902E-4A71-BD9C-96891E91D9BD}.Debug|Any CPU.ActiveCfg = Debug|Any CPU
		{8C2A98B2-902E-4A71-BD9C-96891E91D9BD}.Debug|Any CPU.Build.0 = Debug|Any CPU
		{8C2A98B2-902E-4A71-BD9C-96891E91D9BD}.Release|Any CPU.ActiveCfg = Release|Any CPU
		{8C2A98B2-902E-4A71-BD9C-96891E91D9BD}.Release|Any CPU.Build.0 = Release|Any CPU
	EndGlobalSection
	GlobalSection(SolutionProperties) = preSolution
		HideSolutionNode = FALSE
	EndGlobalSection
	GlobalSection(ExtensibilityGlobals) = postSolution
		SolutionGuid = {83B320D3-C2F0-4DC4-A742-6DFF222C3041}
	EndGlobalSection
EndGlobal
